{
  "name": "miniprogram-ts-quickstart",
  "version": "1.0.0",
  "lockfileVersion": 1,
  "requires": true,
  "dependencies": {
    "miniprogram-api-typings": {
      "version": "2.12.1-beta.0",
      "resolved": "https://registry.npm.taobao.org/miniprogram-api-typings/download/miniprogram-api-typings-2.12.1-beta.0.tgz?cache=0&sync_timestamp=1610632017703&other_urls=https%3A%2F%2Fregistry.npm.taobao.org%2Fminiprogram-api-typings%2Fdownload%2Fminiprogram-api-typings-2.12.1-beta.0.tgz",
      "integrity": "sha1-fzEhwJDXzC5jKg9uHDzBvlCS7wY=",
      "dev": true
    },
    "typescript": {
      "version": "4.1.3",
      "resolved": "https://registry.npm.taobao.org/typescript/download/typescript-4.1.3.tgz?cache=0&sync_timestamp=1611732152741&other_urls=https%3A%2F%2Fregistry.npm.taobao.org%2Ftypescript%2Fdownload%2Ftypescript-4.1.3.tgz",
      "integrity": "sha1-UZ1YK9lMugz4k0x9joRn5HP1O7c=",
      "dev": true
    }
  }
}
